# This file is autogenerated, do not edit; changes may be undone by the next 'dep ensure'.


[[projects]]
  name = "github.com/go-ini/ini"
  packages = ["."]
  revision = "9c8236e659b76e87bf02044d06fde8683008ff3e"
  version = "v1.39.0"

[[projects]]
  name = "github.com/mattn/go-colorable"
  packages = ["."]
  revision = "167de6bfdfba052fa6b2d3664c8f5272e23c9072"
  version = "v0.0.9"

[[projects]]
  name = "github.com/mattn/go-isatty"
  packages = ["."]
  revision = "6ca4dbf54d38eea1a992b3c722a76a5d1c4cb25c"
  version = "v0.0.4"

[[projects]]
  name = "github.com/mattn/go-runewidth"
  packages = ["."]
  revision = "ce7b0b5c7b45a81508558cd1dba6bb1e4ddb51bb"
  version = "v0.0.3"

[[projects]]
  branch = "master"
  name = "github.com/mattn/go-tty"
  packages = ["."]
  revision = "13ff1204f104d52c3f7645ec027ecbcf9026429e"

[[projects]]
  branch = "master"
  name = "github.com/ysugimoto/cho"
  packages = ["."]
  revision = "632f8dafec3b37756dc65a828d5bdf2d88523870"

[[projects]]
  branch = "master"
  name = "golang.org/x/sys"
  packages = ["unix"]
  revision = "7155702f2d47d94b134229da97195d0130cab001"

[solve-meta]
  analyzer-name = "dep"
  analyzer-version = 1
  inputs-digest = "f3949ed0d259a16d7161f897c3243b371adab97e90b9a271a0fbd01957fa2999"
  solver-name = "gps-cdcl"
  solver-version = 1
